
Microsoft Visual Studio Solution File, Format Version 12.00
# Visual Studio 14
VisualStudioVersion = 14.0.25420.1
MinimumVisualStudioVersion = 10.0.40219.1
Project("{FAE04EC0-301F-11D3-BF4B-00C04F79EFBC}") = "UmbracoDataGenerator.Web", "UmbracoDataGenerator.Web\UmbracoDataGenerator.Web.csproj", "{6B6705C9-16FC-47D6-944A-485BD166505D}"
EndProject
Project("{FAE04EC0-301F-11D3-BF4B-00C04F79EFBC}") = "UmbracoDataGenerator.Library", "UmbracoDataGenerator.Library\UmbracoDataGenerator.Library.csproj", "{79D6181B-D0A7-4861-A3E4-65825D4FFB39}"
EndProject
Global
	GlobalSection(SolutionConfigurationPlatforms) = preSolution
		Debug|Any CPU = Debug|Any CPU
		Release|Any CPU = Release|Any CPU
	EndGlobalSection
	GlobalSection(ProjectConfigurationPlatforms) = postSolution
		{6B6705C9-16FC-47D6-944A-485BD166505D}.Debug|Any CPU.ActiveCfg = Debug|Any CPU
		{6B6705C9-16FC-47D6-944A-485BD166505D}.Debug|Any CPU.Build.0 = Debug|Any CPU
		{6B6705C9-16FC-47D6-944A-485BD166505D}.Release|Any CPU.ActiveCfg = Release|Any CPU
		{6B6705C9-16FC-47D6-944A-485BD166505D}.Release|Any CPU.Build.0 = Release|Any CPU
		{79D6181B-D0A7-4861-A3E4-65825D4FFB39}.Debug|Any CPU.ActiveCfg = Debug|Any CPU
		{79D6181B-D0A7-4861-A3E4-65825D4FFB39}.Debug|Any CPU.Build.0 = Debug|Any CPU
		{79D6181B-D0A7-4861-A3E4-65825D4FFB39}.Release|Any CPU.ActiveCfg = Release|Any CPU
		{79D6181B-D0A7-4861-A3E4-65825D4FFB39}.Release|Any CPU.Build.0 = Release|Any CPU
	EndGlobalSection
	GlobalSection(SolutionProperties) = preSolution
		HideSolutionNode = FALSE
	EndGlobalSection
EndGlobal
